// !$*UTF8*$!
{
	archiveVersion = 1;
	classes = {
	};
	objectVersion = 56;
	objects = {

/* Begin PBXBuildFile section */
		11658F39CF18854AE58CB9BB /* Pods_CatFactsApp.framework in Frameworks */ = {isa = PBXBuildFile; fileRef = DD636EABF95C7BF49B888039 /* Pods_CatFactsApp.framework */; };
		184FF6792D0F14C400992594 /* AppDelegate.swift in Sources */ = {isa = PBXBuildFile; fileRef = 184FF6782D0F14C400992594 /* AppDelegate.swift */; };
		184FF67B2D0F14C400992594 /* SceneDelegate.swift in Sources */ = {isa = PBXBuildFile; fileRef = 184FF67A2D0F14C400992594 /* SceneDelegate.swift */; };
		184FF67D2D0F14C400992594 /* ViewController.swift in Sources */ = {isa = PBXBuildFile; fileRef = 184FF67C2D0F14C400992594 /* ViewController.swift */; };
		184FF6802D0F14C400992594 /* Base in Resources */ = {isa = PBXBuildFile; fileRef = 184FF67F2D0F14C400992594 /* Base */; };
		184FF6822D0F14C700992594 /* Assets.xcassets in Resources */ = {isa = PBXBuildFile; fileRef = 184FF6812D0F14C700992594 /* Assets.xcassets */; };
		184FF6852D0F14C700992594 /* Base in Resources */ = {isa = PBXBuildFile; fileRef = 184FF6842D0F14C700992594 /* Base */; };
		184FF6902D0F14C800992594 /* CatFactsAppTests.swift in Sources */ = {isa = PBXBuildFile; fileRef = 184FF68F2D0F14C800992594 /* CatFactsAppTests.swift */; };
		184FF69A2D0F14C800992594 /* CatFactsAppUITests.swift in Sources */ = {isa = PBXBuildFile; fileRef = 184FF6992D0F14C800992594 /* CatFactsAppUITests.swift */; };
		184FF69C2D0F14C800992594 /* CatFactsAppUITestsLaunchTests.swift in Sources */ = {isa = PBXBuildFile; fileRef = 184FF69B2D0F14C800992594 /* CatFactsAppUITestsLaunchTests.swift */; };
		184FF6B02D0F17A900992594 /* CatFact.swift in Sources */ = {isa = PBXBuildFile; fileRef = 184FF6AF2D0F17A900992594 /* CatFact.swift */; };
		184FF6B22D0F17C000992594 /* CatImage.swift in Sources */ = {isa = PBXBuildFile; fileRef = 184FF6B12D0F17C000992594 /* CatImage.swift */; };
		184FF6B42D0F17D900992594 /* CatService.swift in Sources */ = {isa = PBXBuildFile; fileRef = 184FF6B32D0F17D900992594 /* CatService.swift */; };
		184FF6B62D0F17F800992594 /* CatViewModel.swift in Sources */ = {isa = PBXBuildFile; fileRef = 184FF6B52D0F17F800992594 /* CatViewModel.swift */; };
		18C16BB22D0FF724008293E4 /* HomeView.swift in Sources */ = {isa = PBXBuildFile; fileRef = 18C16BB12D0FF723008293E4 /* HomeView.swift */; };
		18C16BB52D1000DD008293E4 /* MockURLProtocol.swift in Sources */ = {isa = PBXBuildFile; fileRef = 18C16BB32D1000CB008293E4 /* MockURLProtocol.swift */; };
		612BD2602D0F279000D67080 /* ContentView.swift in Sources */ = {isa = PBXBuildFile; fileRef = 612BD25F2D0F279000D67080 /* ContentView.swift */; };
		98081762940D2057D8946FDF /* Pods_CatFactsAppTests.framework in Frameworks */ = {isa = PBXBuildFile; fileRef = AEAA36DA64F8088A76F2E635 /* Pods_CatFactsAppTests.framework */; };
		D1003D59F7A52917CEEC2ECF /* Pods_CatFactsApp_CatFactsAppUITests.framework in Frameworks */ = {isa = PBXBuildFile; fileRef = 2A994B05DF3F0FBFDC8E03A8 /* Pods_CatFactsApp_CatFactsAppUITests.framework */; };
/* End PBXBuildFile section */

/* Begin PBXContainerItemProxy section */
		184FF68C2D0F14C800992594 /* PBXContainerItemProxy */ = {
			isa = PBXContainerItemProxy;
			containerPortal = 184FF66D2D0F14C400992594 /* Project object */;
			proxyType = 1;
			remoteGlobalIDString = 184FF6742D0F14C400992594;
			remoteInfo = CatFactsApp;
		};
		184FF6962D0F14C800992594 /* PBXContainerItemProxy */ = {
			isa = PBXContainerItemProxy;
			containerPortal = 184FF66D2D0F14C400992594 /* Project object */;
			proxyType = 1;
			remoteGlobalIDString = 184FF6742D0F14C400992594;
			remoteInfo = CatFactsApp;
		};
/* End PBXContainerItemProxy section */

/* Begin PBXFileReference section */
		184FF6752D0F14C400992594 /* CatFactsApp.app */ = {isa = PBXFileReference; explicitFileType = wrapper.application; includeInIndex = 0; path = CatFactsApp.app; sourceTree = BUILT_PRODUCTS_DIR; };
		184FF6782D0F14C400992594 /* AppDelegate.swift */ = {isa = PBXFileReference; lastKnownFileType = sourcecode.swift; path = AppDelegate.swift; sourceTree = "<group>"; };
		184FF67A2D0F14C400992594 /* SceneDelegate.swift */ = {isa = PBXFileReference; lastKnownFileType = sourcecode.swift; path = SceneDelegate.swift; sourceTree = "<group>"; };
		184FF67C2D0F14C400992594 /* ViewController.swift */ = {isa = PBXFileReference; lastKnownFileType = sourcecode.swift; path = ViewController.swift; sourceTree = "<group>"; };
		184FF67F2D0F14C400992594 /* Base */ = {isa = PBXFileReference; lastKnownFileType = file.storyboard; name = Base; path = Base.lproj/Main.storyboard; sourceTree = "<group>"; };
		184FF6812D0F14C700992594 /* Assets.xcassets */ = {isa = PBXFileReference; lastKnownFileType = folder.assetcatalog; path = Assets.xcassets; sourceTree = "<group>"; };
		184FF6842D0F14C700992594 /* Base */ = {isa = PBXFileReference; lastKnownFileType = file.storyboard; name = Base; path = Base.lproj/LaunchScreen.storyboard; sourceTree = "<group>"; };
		184FF6862D0F14C700992594 /* Info.plist */ = {isa = PBXFileReference; lastKnownFileType = text.plist.xml; path = Info.plist; sourceTree = "<group>"; };
		184FF68B2D0F14C800992594 /* CatFactsAppTests.xctest */ = {isa = PBXFileReference; explicitFileType = wrapper.cfbundle; includeInIndex = 0; path = CatFactsAppTests.xctest; sourceTree = BUILT_PRODUCTS_DIR; };
		184FF68F2D0F14C800992594 /* CatFactsAppTests.swift */ = {isa = PBXFileReference; lastKnownFileType = sourcecode.swift; path = CatFactsAppTests.swift; sourceTree = "<group>"; };
		184FF6952D0F14C800992594 /* CatFactsAppUITests.xctest */ = {isa = PBXFileReference; explicitFileType = wrapper.cfbundle; includeInIndex = 0; path = CatFactsAppUITests.xctest; sourceTree = BUILT_PRODUCTS_DIR; };
		184FF6992D0F14C800992594 /* CatFactsAppUITests.swift */ = {isa = PBXFileReference; lastKnownFileType = sourcecode.swift; path = CatFactsAppUITests.swift; sourceTree = "<group>"; };
		184FF69B2D0F14C800992594 /* CatFactsAppUITestsLaunchTests.swift */ = {isa = PBXFileReference; lastKnownFileType = sourcecode.swift; path = CatFactsAppUITestsLaunchTests.swift; sourceTree = "<group>"; };
		184FF6AF2D0F17A900992594 /* CatFact.swift */ = {isa = PBXFileReference; lastKnownFileType = sourcecode.swift; path = CatFact.swift; sourceTree = "<group>"; };
		184FF6B12D0F17C000992594 /* CatImage.swift */ = {isa = PBXFileReference; lastKnownFileType = sourcecode.swift; path = CatImage.swift; sourceTree = "<group>"; };
		184FF6B32D0F17D900992594 /* CatService.swift */ = {isa = PBXFileReference; lastKnownFileType = sourcecode.swift; path = CatService.swift; sourceTree = "<group>"; };
		184FF6B52D0F17F800992594 /* CatViewModel.swift */ = {isa = PBXFileReference; lastKnownFileType = sourcecode.swift; path = CatViewModel.swift; sourceTree = "<group>"; };
		18C16BB12D0FF723008293E4 /* HomeView.swift */ = {isa = PBXFileReference; lastKnownFileType = sourcecode.swift; path = HomeView.swift; sourceTree = "<group>"; };
		18C16BB32D1000CB008293E4 /* MockURLProtocol.swift */ = {isa = PBXFileReference; lastKnownFileType = sourcecode.swift; path = MockURLProtocol.swift; sourceTree = "<group>"; };
		2A994B05DF3F0FBFDC8E03A8 /* Pods_CatFactsApp_CatFactsAppUITests.framework */ = {isa = PBXFileReference; explicitFileType = wrapper.framework; includeInIndex = 0; path = Pods_CatFactsApp_CatFactsAppUITests.framework; sourceTree = BUILT_PRODUCTS_DIR; };
		33DB57590EBE6F1C38795BE3 /* Pods-CatFactsApp-CatFactsAppUITests.release.xcconfig */ = {isa = PBXFileReference; includeInIndex = 1; lastKnownFileType = text.xcconfig; name = "Pods-CatFactsApp-CatFactsAppUITests.release.xcconfig"; path = "Target Support Files/Pods-CatFactsApp-CatFactsAppUITests/Pods-CatFactsApp-CatFactsAppUITests.release.xcconfig"; sourceTree = "<group>"; };
		48720A983F5E635A96925157 /* Pods-CatFactsAppTests.debug.xcconfig */ = {isa = PBXFileReference; includeInIndex = 1; lastKnownFileType = text.xcconfig; name = "Pods-CatFactsAppTests.debug.xcconfig"; path = "Target Support Files/Pods-CatFactsAppTests/Pods-CatFactsAppTests.debug.xcconfig"; sourceTree = "<group>"; };
		612BD25F2D0F279000D67080 /* ContentView.swift */ = {isa = PBXFileReference; lastKnownFileType = sourcecode.swift; path = ContentView.swift; sourceTree = "<group>"; };
		AEAA36DA64F8088A76F2E635 /* Pods_CatFactsAppTests.framework */ = {isa = PBXFileReference; explicitFileType = wrapper.framework; includeInIndex = 0; path = Pods_CatFactsAppTests.framework; sourceTree = BUILT_PRODUCTS_DIR; };
		B728096328C8A97BDAE4B075 /* Pods-CatFactsApp.debug.xcconfig */ = {isa = PBXFileReference; includeInIndex = 1; lastKnownFileType = text.xcconfig; name = "Pods-CatFactsApp.debug.xcconfig"; path = "Target Support Files/Pods-CatFactsApp/Pods-CatFactsApp.debug.xcconfig"; sourceTree = "<group>"; };
		BACDBB9A9302D363C4E03EDD /* Pods-CatFactsAppTests.release.xcconfig */ = {isa = PBXFileReference; includeInIndex = 1; lastKnownFileType = text.xcconfig; name = "Pods-CatFactsAppTests.release.xcconfig"; path = "Target Support Files/Pods-CatFactsAppTests/Pods-CatFactsAppTests.release.xcconfig"; sourceTree = "<group>"; };
		D7F0E9E0F553B85CE3CCA6AD /* Pods-CatFactsApp.release.xcconfig */ = {isa = PBXFileReference; includeInIndex = 1; lastKnownFileType = text.xcconfig; name = "Pods-CatFactsApp.release.xcconfig"; path = "Target Support Files/Pods-CatFactsApp/Pods-CatFactsApp.release.xcconfig"; sourceTree = "<group>"; };
		DD636EABF95C7BF49B888039 /* Pods_CatFactsApp.framework */ = {isa = PBXFileReference; explicitFileType = wrapper.framework; includeInIndex = 0; path = Pods_CatFactsApp.framework; sourceTree = BUILT_PRODUCTS_DIR; };
		F44C03D3D30E8A7C82534B2E /* Pods-CatFactsApp-CatFactsAppUITests.debug.xcconfig */ = {isa = PBXFileReference; includeInIndex = 1; lastKnownFileType = text.xcconfig; name = "Pods-CatFactsApp-CatFactsAppUITests.debug.xcconfig"; path = "Target Support Files/Pods-CatFactsApp-CatFactsAppUITests/Pods-CatFactsApp-CatFactsAppUITests.debug.xcconfig"; sourceTree = "<group>"; };
/* End PBXFileReference section */

/* Begin PBXFrameworksBuildPhase section */
		184FF6722D0F14C400992594 /* Frameworks */ = {
			isa = PBXFrameworksBuildPhase;
			buildActionMask = 2147483647;
			files = (
				11658F39CF18854AE58CB9BB /* Pods_CatFactsApp.framework in Frameworks */,
			);
			runOnlyForDeploymentPostprocessing = 0;
		};
		184FF6882D0F14C800992594 /* Frameworks */ = {
			isa = PBXFrameworksBuildPhase;
			buildActionMask = 2147483647;
			files = (
				98081762940D2057D8946FDF /* Pods_CatFactsAppTests.framework in Frameworks */,
			);
			runOnlyForDeploymentPostprocessing = 0;
		};
		184FF6922D0F14C800992594 /* Frameworks */ = {
			isa = PBXFrameworksBuildPhase;
			buildActionMask = 2147483647;
			files = (
				D1003D59F7A52917CEEC2ECF /* Pods_CatFactsApp_CatFactsAppUITests.framework in Frameworks */,
			);
			runOnlyForDeploymentPostprocessing = 0;
		};
/* End PBXFrameworksBuildPhase section */

/* Begin PBXGroup section */
		184FF66C2D0F14C400992594 = {
			isa = PBXGroup;
			children = (
				184FF6AB2D0F168700992594 /* Networking */,
				184FF6AA2D0F168100992594 /* Views */,
				184FF6A92D0F167B00992594 /* ViewModels */,
				184FF6A82D0F165A00992594 /* Models */,
				184FF6772D0F14C400992594 /* CatFactsApp */,
				184FF68E2D0F14C800992594 /* CatFactsAppTests */,
				184FF6982D0F14C800992594 /* CatFactsAppUITests */,
				184FF6762D0F14C400992594 /* Products */,
				565034A9539F01EB7DB842EF /* Pods */,
				8BEE883D997D88E94E3840F8 /* Frameworks */,
			);
			sourceTree = "<group>";
		};
		184FF6762D0F14C400992594 /* Products */ = {
			isa = PBXGroup;
			children = (
				184FF6752D0F14C400992594 /* CatFactsApp.app */,
				184FF68B2D0F14C800992594 /* CatFactsAppTests.xctest */,
				184FF6952D0F14C800992594 /* CatFactsAppUITests.xctest */,
			);
			name = Products;
			sourceTree = "<group>";
		};
		184FF6772D0F14C400992594 /* CatFactsApp */ = {
			isa = PBXGroup;
			children = (
				184FF6782D0F14C400992594 /* AppDelegate.swift */,
				184FF67A2D0F14C400992594 /* SceneDelegate.swift */,
				184FF67C2D0F14C400992594 /* ViewController.swift */,
				184FF67E2D0F14C400992594 /* Main.storyboard */,
				184FF6812D0F14C700992594 /* Assets.xcassets */,
				184FF6832D0F14C700992594 /* LaunchScreen.storyboard */,
				184FF6862D0F14C700992594 /* Info.plist */,
			);
			path = CatFactsApp;
			sourceTree = "<group>";
		};
		184FF68E2D0F14C800992594 /* CatFactsAppTests */ = {
			isa = PBXGroup;
			children = (
				18C16BB32D1000CB008293E4 /* MockURLProtocol.swift */,
				184FF68F2D0F14C800992594 /* CatFactsAppTests.swift */,
			);
			path = CatFactsAppTests;
			sourceTree = "<group>";
		};
		184FF6982D0F14C800992594 /* CatFactsAppUITests */ = {
			isa = PBXGroup;
			children = (
				184FF6992D0F14C800992594 /* CatFactsAppUITests.swift */,
				184FF69B2D0F14C800992594 /* CatFactsAppUITestsLaunchTests.swift */,
			);
			path = CatFactsAppUITests;
			sourceTree = "<group>";
		};
		184FF6A82D0F165A00992594 /* Models */ = {
			isa = PBXGroup;
			children = (
				184FF6AF2D0F17A900992594 /* CatFact.swift */,
				18C16BB12D0FF723008293E4 /* HomeView.swift */,
				184FF6B12D0F17C000992594 /* CatImage.swift */,
			);
			path = Models;
			sourceTree = "<group>";
		};
		184FF6A92D0F167B00992594 /* ViewModels */ = {
			isa = PBXGroup;
			children = (
				184FF6B52D0F17F800992594 /* CatViewModel.swift */,
			);
			path = ViewModels;
			sourceTree = "<group>";
		};
		184FF6AA2D0F168100992594 /* Views */ = {
			isa = PBXGroup;
			children = (
				612BD25F2D0F279000D67080 /* ContentView.swift */,
			);
			path = Views;
			sourceTree = "<group>";
		};
		184FF6AB2D0F168700992594 /* Networking */ = {
			isa = PBXGroup;
			children = (
				184FF6B32D0F17D900992594 /* CatService.swift */,
			);
			path = Networking;
			sourceTree = "<group>";
		};
		565034A9539F01EB7DB842EF /* Pods */ = {
			isa = PBXGroup;
			children = (
				B728096328C8A97BDAE4B075 /* Pods-CatFactsApp.debug.xcconfig */,
				D7F0E9E0F553B85CE3CCA6AD /* Pods-CatFactsApp.release.xcconfig */,
				F44C03D3D30E8A7C82534B2E /* Pods-CatFactsApp-CatFactsAppUITests.debug.xcconfig */,
				33DB57590EBE6F1C38795BE3 /* Pods-CatFactsApp-CatFactsAppUITests.release.xcconfig */,
				48720A983F5E635A96925157 /* Pods-CatFactsAppTests.debug.xcconfig */,
				BACDBB9A9302D363C4E03EDD /* Pods-CatFactsAppTests.release.xcconfig */,
			);
			path = Pods;
			sourceTree = "<group>";
		};
		8BEE883D997D88E94E3840F8 /* Frameworks */ = {
			isa = PBXGroup;
			children = (
				DD636EABF95C7BF49B888039 /* Pods_CatFactsApp.framework */,
				2A994B05DF3F0FBFDC8E03A8 /* Pods_CatFactsApp_CatFactsAppUITests.framework */,
				AEAA36DA64F8088A76F2E635 /* Pods_CatFactsAppTests.framework */,
			);
			name = Frameworks;
			sourceTree = "<group>";
		};
/* End PBXGroup section */

/* Begin PBXNativeTarget section */
		184FF6742D0F14C400992594 /* CatFactsApp */ = {
			isa = PBXNativeTarget;
			buildConfigurationList = 184FF69F2D0F14C800992594 /* Build configuration list for PBXNativeTarget "CatFactsApp" */;
			buildPhases = (
				6250487794393AC29517372D /* [CP] Check Pods Manifest.lock */,
				184FF6712D0F14C400992594 /* Sources */,
				184FF6722D0F14C400992594 /* Frameworks */,
				184FF6732D0F14C400992594 /* Resources */,
				822496A245ABD202C12E7220 /* [CP] Embed Pods Frameworks */,
			);
			buildRules = (
			);
			dependencies = (
			);
			name = CatFactsApp;
			productName = CatFactsApp;
			productReference = 184FF6752D0F14C400992594 /* CatFactsApp.app */;
			productType = "com.apple.product-type.application";
		};
		184FF68A2D0F14C800992594 /* CatFactsAppTests */ = {
			isa = PBXNativeTarget;
			buildConfigurationList = 184FF6A22D0F14C800992594 /* Build configuration list for PBXNativeTarget "CatFactsAppTests" */;
			buildPhases = (
				831ED3DAFAF92CD81E5CE722 /* [CP] Check Pods Manifest.lock */,
				184FF6872D0F14C800992594 /* Sources */,
				184FF6882D0F14C800992594 /* Frameworks */,
				184FF6892D0F14C800992594 /* Resources */,
			);
			buildRules = (
			);
			dependencies = (
				184FF68D2D0F14C800992594 /* PBXTargetDependency */,
			);
			name = CatFactsAppTests;
			productName = CatFactsAppTests;
			productReference = 184FF68B2D0F14C800992594 /* CatFactsAppTests.xctest */;
			productType = "com.apple.product-type.bundle.unit-test";
		};
		184FF6942D0F14C800992594 /* CatFactsAppUITests */ = {
			isa = PBXNativeTarget;
			buildConfigurationList = 184FF6A52D0F14C800992594 /* Build configuration list for PBXNativeTarget "CatFactsAppUITests" */;
			buildPhases = (
				2A62A06595E6D5AB6684F810 /* [CP] Check Pods Manifest.lock */,
				184FF6912D0F14C800992594 /* Sources */,
				184FF6922D0F14C800992594 /* Frameworks */,
				184FF6932D0F14C800992594 /* Resources */,
				9987640DF54F30A97EFEE263 /* [CP] Embed Pods Frameworks */,
			);
			buildRules = (
			);
			dependencies = (
				184FF6972D0F14C800992594 /* PBXTargetDependency */,
			);
			name = CatFactsAppUITests;
			productName = CatFactsAppUITests;
			productReference = 184FF6952D0F14C800992594 /* CatFactsAppUITests.xctest */;
			productType = "com.apple.product-type.bundle.ui-testing";
		};
/* End PBXNativeTarget section */

/* Begin PBXProject section */
		184FF66D2D0F14C400992594 /* Project object */ = {
			isa = PBXProject;
			attributes = {
				BuildIndependentTargetsInParallel = 1;
				LastSwiftUpdateCheck = 1530;
				LastUpgradeCheck = 1530;
				TargetAttributes = {
					184FF6742D0F14C400992594 = {
						CreatedOnToolsVersion = 15.3;
					};
					184FF68A2D0F14C800992594 = {
						CreatedOnToolsVersion = 15.3;
						TestTargetID = 184FF6742D0F14C400992594;
					};
					184FF6942D0F14C800992594 = {
						CreatedOnToolsVersion = 15.3;
						TestTargetID = 184FF6742D0F14C400992594;
					};
				};
			};
			buildConfigurationList = 184FF6702D0F14C400992594 /* Build configuration list for PBXProject "CatFactsApp" */;
			compatibilityVersion = "Xcode 14.0";
			developmentRegion = en;
			hasScannedForEncodings = 0;
			knownRegions = (
				en,
				Base,
			);
			mainGroup = 184FF66C2D0F14C400992594;
			packageReferences = (
				184FF6AD2D0F173400992594 /* XCRemoteSwiftPackageReference "Alamofire" */,
				184FF6AE2D0F179000992594 /* XCRemoteSwiftPackageReference "Kingfisher" */,
			);
			productRefGroup = 184FF6762D0F14C400992594 /* Products */;
			projectDirPath = "";
			projectRoot = "";
			targets = (
				184FF6742D0F14C400992594 /* CatFactsApp */,
				184FF68A2D0F14C800992594 /* CatFactsAppTests */,
				184FF6942D0F14C800992594 /* CatFactsAppUITests */,
			);
		};
/* End PBXProject section */

/* Begin PBXResourcesBuildPhase section */
		184FF6732D0F14C400992594 /* Resources */ = {
			isa = PBXResourcesBuildPhase;
			buildActionMask = 2147483647;
			files = (
				184FF6822D0F14C700992594 /* Assets.xcassets in Resources */,
				184FF6852D0F14C700992594 /* Base in Resources */,
				184FF6802D0F14C400992594 /* Base in Resources */,
			);
			runOnlyForDeploymentPostprocessing = 0;
		};
		184FF6892D0F14C800992594 /* Resources */ = {
			isa = PBXResourcesBuildPhase;
			buildActionMask = 2147483647;
			files = (
			);
			runOnlyForDeploymentPostprocessing = 0;
		};
		184FF6932D0F14C800992594 /* Resources */ = {
			isa = PBXResourcesBuildPhase;
			buildActionMask = 2147483647;
			files = (
			);
			runOnlyForDeploymentPostprocessing = 0;
		};
/* End PBXResourcesBuildPhase section */

/* Begin PBXShellScriptBuildPhase section */
		2A62A06595E6D5AB6684F810 /* [CP] Check Pods Manifest.lock */ = {
			isa = PBXShellScriptBuildPhase;
			buildActionMask = 2147483647;
			files = (
			);
			inputFileListPaths = (
			);
			inputPaths = (
				"${PODS_PODFILE_DIR_PATH}/Podfile.lock",
				"${PODS_ROOT}/Manifest.lock",
			);
			name = "[CP] Check Pods Manifest.lock";
			outputFileListPaths = (
			);
			outputPaths = (
				"$(DERIVED_FILE_DIR)/Pods-CatFactsApp-CatFactsAppUITests-checkManifestLockResult.txt",
			);
			runOnlyForDeploymentPostprocessing = 0;
			shellPath = /bin/sh;
			shellScript = "diff \"${PODS_PODFILE_DIR_PATH}/Podfile.lock\" \"${PODS_ROOT}/Manifest.lock\" > /dev/null\nif [ $? != 0 ] ; then\n    # print error to STDERR\n    echo \"error: The sandbox is not in sync with the Podfile.lock. Run 'pod install' or update your CocoaPods installation.\" >&2\n    exit 1\nfi\n# This output is used by Xcode 'outputs' to avoid re-running this script phase.\necho \"SUCCESS\" > \"${SCRIPT_OUTPUT_FILE_0}\"\n";
			showEnvVarsInLog = 0;
		};
		6250487794393AC29517372D /* [CP] Check Pods Manifest.lock */ = {
			isa = PBXShellScriptBuildPhase;
			buildActionMask = 2147483647;
			files = (
			);
			inputFileListPaths = (
			);
			inputPaths = (
				"${PODS_PODFILE_DIR_PATH}/Podfile.lock",
				"${PODS_ROOT}/Manifest.lock",
			);
			name = "[CP] Check Pods Manifest.lock";
			outputFileListPaths = (
			);
			outputPaths = (
				"$(DERIVED_FILE_DIR)/Pods-CatFactsApp-checkManifestLockResult.txt",
			);
			runOnlyForDeploymentPostprocessing = 0;
			shellPath = /bin/sh;
			shellScript = "diff \"${PODS_PODFILE_DIR_PATH}/Podfile.lock\" \"${PODS_ROOT}/Manifest.lock\" > /dev/null\nif [ $? != 0 ] ; then\n    # print error to STDERR\n    echo \"error: The sandbox is not in sync with the Podfile.lock. Run 'pod install' or update your CocoaPods installation.\" >&2\n    exit 1\nfi\n# This output is used by Xcode 'outputs' to avoid re-running this script phase.\necho \"SUCCESS\" > \"${SCRIPT_OUTPUT_FILE_0}\"\n";
			showEnvVarsInLog = 0;
		};
		822496A245ABD202C12E7220 /* [CP] Embed Pods Frameworks */ = {
			isa = PBXShellScriptBuildPhase;
			buildActionMask = 2147483647;
			files = (
			);
			inputFileListPaths = (
				"${PODS_ROOT}/Target Support Files/Pods-CatFactsApp/Pods-CatFactsApp-frameworks-${CONFIGURATION}-input-files.xcfilelist",
			);
			name = "[CP] Embed Pods Frameworks";
			outputFileListPaths = (
				"${PODS_ROOT}/Target Support Files/Pods-CatFactsApp/Pods-CatFactsApp-frameworks-${CONFIGURATION}-output-files.xcfilelist",
			);
			runOnlyForDeploymentPostprocessing = 0;
			shellPath = /bin/sh;
			shellScript = "\"${PODS_ROOT}/Target Support Files/Pods-CatFactsApp/Pods-CatFactsApp-frameworks.sh\"\n";
			showEnvVarsInLog = 0;
		};
		831ED3DAFAF92CD81E5CE722 /* [CP] Check Pods Manifest.lock */ = {
			isa = PBXShellScriptBuildPhase;
			buildActionMask = 2147483647;
			files = (
			);
			inputFileListPaths = (
			);
			inputPaths = (
				"${PODS_PODFILE_DIR_PATH}/Podfile.lock",
				"${PODS_ROOT}/Manifest.lock",
			);
			name = "[CP] Check Pods Manifest.lock";
			outputFileListPaths = (
			);
			outputPaths = (
				"$(DERIVED_FILE_DIR)/Pods-CatFactsAppTests-checkManifestLockResult.txt",
			);
			runOnlyForDeploymentPostprocessing = 0;
			shellPath = /bin/sh;
			shellScript = "diff \"${PODS_PODFILE_DIR_PATH}/Podfile.lock\" \"${PODS_ROOT}/Manifest.lock\" > /dev/null\nif [ $? != 0 ] ; then\n    # print error to STDERR\n    echo \"error: The sandbox is not in sync with the Podfile.lock. Run 'pod install' or update your CocoaPods installation.\" >&2\n    exit 1\nfi\n# This output is used by Xcode 'outputs' to avoid re-running this script phase.\necho \"SUCCESS\" > \"${SCRIPT_OUTPUT_FILE_0}\"\n";
			showEnvVarsInLog = 0;
		};
		9987640DF54F30A97EFEE263 /* [CP] Embed Pods Frameworks */ = {
			isa = PBXShellScriptBuildPhase;
			buildActionMask = 2147483647;
			files = (
			);
			inputFileListPaths = (
				"${PODS_ROOT}/Target Support Files/Pods-CatFactsApp-CatFactsAppUITests/Pods-CatFactsApp-CatFactsAppUITests-frameworks-${CONFIGURATION}-input-files.xcfilelist",
			);
			name = "[CP] Embed Pods Frameworks";
			outputFileListPaths = (
				"${PODS_ROOT}/Target Support Files/Pods-CatFactsApp-CatFactsAppUITests/Pods-CatFactsApp-CatFactsAppUITests-frameworks-${CONFIGURATION}-output-files.xcfilelist",
			);
			runOnlyForDeploymentPostprocessing = 0;
			shellPath = /bin/sh;
			shellScript = "\"${PODS_ROOT}/Target Support Files/Pods-CatFactsApp-CatFactsAppUITests/Pods-CatFactsApp-CatFactsAppUITests-frameworks.sh\"\n";
			showEnvVarsInLog = 0;
		};
/* End PBXShellScriptBuildPhase section */

/* Begin PBXSourcesBuildPhase section */
		184FF6712D0F14C400992594 /* Sources */ = {
			isa = PBXSourcesBuildPhase;
			buildActionMask = 2147483647;
			files = (
				18C16BB22D0FF724008293E4 /* HomeView.swift in Sources */,
				184FF6B42D0F17D900992594 /* CatService.swift in Sources */,
				184FF6B62D0F17F800992594 /* CatViewModel.swift in Sources */,
				612BD2602D0F279000D67080 /* ContentView.swift in Sources */,
				184FF67D2D0F14C400992594 /* ViewController.swift in Sources */,
				184FF6792D0F14C400992594 /* AppDelegate.swift in Sources */,
				184FF6B02D0F17A900992594 /* CatFact.swift in Sources */,
				184FF67B2D0F14C400992594 /* SceneDelegate.swift in Sources */,
				184FF6B22D0F17C000992594 /* CatImage.swift in Sources */,
			);
			runOnlyForDeploymentPostprocessing = 0;
		};
		184FF6872D0F14C800992594 /* Sources */ = {
			isa = PBXSourcesBuildPhase;
			buildActionMask = 2147483647;
			files = (
				184FF6902D0F14C800992594 /* CatFactsAppTests.swift in Sources */,
				18C16BB52D1000DD008293E4 /* MockURLProtocol.swift in Sources */,
			);
			runOnlyForDeploymentPostprocessing = 0;
		};
		184FF6912D0F14C800992594 /* Sources */ = {
			isa = PBXSourcesBuildPhase;
			buildActionMask = 2147483647;
			files = (
				184FF69A2D0F14C800992594 /* CatFactsAppUITests.swift in Sources */,
				184FF69C2D0F14C800992594 /* CatFactsAppUITestsLaunchTests.swift in Sources */,
			);
			runOnlyForDeploymentPostprocessing = 0;
		};
/* End PBXSourcesBuildPhase section */

/* Begin PBXTargetDependency section */
		184FF68D2D0F14C800992594 /* PBXTargetDependency */ = {
			isa = PBXTargetDependency;
			target = 184FF6742D0F14C400992594 /* CatFactsApp */;
			targetProxy = 184FF68C2D0F14C800992594 /* PBXContainerItemProxy */;
		};
		184FF6972D0F14C800992594 /* PBXTargetDependency */ = {
			isa = PBXTargetDependency;
			target = 184FF6742D0F14C400992594 /* CatFactsApp */;
			targetProxy = 184FF6962D0F14C800992594 /* PBXContainerItemProxy */;
		};
/* End PBXTargetDependency section */

/* Begin PBXVariantGroup section */
		184FF67E2D0F14C400992594 /* Main.storyboard */ = {
			isa = PBXVariantGroup;
			children = (
				184FF67F2D0F14C400992594 /* Base */,
			);
			name = Main.storyboard;
			sourceTree = "<group>";
		};
		184FF6832D0F14C700992594 /* LaunchScreen.storyboard */ = {
			isa = PBXVariantGroup;
			children = (
				184FF6842D0F14C700992594 /* Base */,
			);
			name = LaunchScreen.storyboard;
			sourceTree = "<group>";
		};
/* End PBXVariantGroup section */

/* Begin XCBuildConfiguration section */
		184FF69D2D0F14C800992594 /* Debug */ = {
			isa = XCBuildConfiguration;
			buildSettings = {
				ALWAYS_SEARCH_USER_PATHS = NO;
				ASSETCATALOG_COMPILER_GENERATE_SWIFT_ASSET_SYMBOL_EXTENSIONS = YES;
				CLANG_ANALYZER_NONNULL = YES;
				CLANG_ANALYZER_NUMBER_OBJECT_CONVERSION = YES_AGGRESSIVE;
				CLANG_CXX_LANGUAGE_STANDARD = "gnu++20";
				CLANG_ENABLE_MODULES = YES;
				CLANG_ENABLE_OBJC_ARC = YES;
				CLANG_ENABLE_OBJC_WEAK = YES;
				CLANG_WARN_BLOCK_CAPTURE_AUTORELEASING = YES;
				CLANG_WARN_BOOL_CONVERSION = YES;
				CLANG_WARN_COMMA = YES;
				CLANG_WARN_CONSTANT_CONVERSION = YES;
				CLANG_WARN_DEPRECATED_OBJC_IMPLEMENTATIONS = YES;
				CLANG_WARN_DIRECT_OBJC_ISA_USAGE = YES_ERROR;
				CLANG_WARN_DOCUMENTATION_COMMENTS = YES;
				CLANG_WARN_EMPTY_BODY = YES;
				CLANG_WARN_ENUM_CONVERSION = YES;
				CLANG_WARN_INFINITE_RECURSION = YES;
				CLANG_WARN_INT_CONVERSION = YES;
				CLANG_WARN_NON_LITERAL_NULL_CONVERSION = YES;
				CLANG_WARN_OBJC_IMPLICIT_RETAIN_SELF = YES;
				CLANG_WARN_OBJC_LITERAL_CONVERSION = YES;
				CLANG_WARN_OBJC_ROOT_CLASS = YES_ERROR;
				CLANG_WARN_QUOTED_INCLUDE_IN_FRAMEWORK_HEADER = YES;
				CLANG_WARN_RANGE_LOOP_ANALYSIS = YES;
				CLANG_WARN_STRICT_PROTOTYPES = YES;
				CLANG_WARN_SUSPICIOUS_MOVE = YES;
				CLANG_WARN_UNGUARDED_AVAILABILITY = YES_AGGRESSIVE;
				CLANG_WARN_UNREACHABLE_CODE = YES;
				CLANG_WARN__DUPLICATE_METHOD_MATCH = YES;
				COPY_PHASE_STRIP = NO;
				DEBUG_INFORMATION_FORMAT = dwarf;
				ENABLE_STRICT_OBJC_MSGSEND = YES;
				ENABLE_TESTABILITY = YES;
				ENABLE_USER_SCRIPT_SANDBOXING = NO;
				GCC_C_LANGUAGE_STANDARD = gnu17;
				GCC_DYNAMIC_NO_PIC = NO;
				GCC_NO_COMMON_BLOCKS = YES;
				GCC_OPTIMIZATION_LEVEL = 0;
				GCC_PREPROCESSOR_DEFINITIONS = (
					"DEBUG=1",
					"$(inherited)",
				);
				GCC_WARN_64_TO_32_BIT_CONVERSION = YES;
				GCC_WARN_ABOUT_RETURN_TYPE = YES_ERROR;
				GCC_WARN_UNDECLARED_SELECTOR = YES;
				GCC_WARN_UNINITIALIZED_AUTOS = YES_AGGRESSIVE;
				GCC_WARN_UNUSED_FUNCTION = YES;
				GCC_WARN_UNUSED_VARIABLE = YES;
				IPHONEOS_DEPLOYMENT_TARGET = 17.4;
				LOCALIZATION_PREFERS_STRING_CATALOGS = YES;
				MTL_ENABLE_DEBUG_INFO = INCLUDE_SOURCE;
				MTL_FAST_MATH = YES;
				ONLY_ACTIVE_ARCH = YES;
				SDKROOT = iphoneos;
				SWIFT_ACTIVE_COMPILATION_CONDITIONS = "DEBUG $(inherited)";
				SWIFT_OPTIMIZATION_LEVEL = "-Onone";
			};
			name = Debug;
		};
		184FF69E2D0F14C800992594 /* Release */ = {
			isa = XCBuildConfiguration;
			buildSettings = {
				ALWAYS_SEARCH_USER_PATHS = NO;
				ASSETCATALOG_COMPILER_GENERATE_SWIFT_ASSET_SYMBOL_EXTENSIONS = YES;
				CLANG_ANALYZER_NONNULL = YES;
				CLANG_ANALYZER_NUMBER_OBJECT_CONVERSION = YES_AGGRESSIVE;
				CLANG_CXX_LANGUAGE_STANDARD = "gnu++20";
				CLANG_ENABLE_MODULES = YES;
				CLANG_ENABLE_OBJC_ARC = YES;
				CLANG_ENABLE_OBJC_WEAK = YES;
				CLANG_WARN_BLOCK_CAPTURE_AUTORELEASING = YES;
				CLANG_WARN_BOOL_CONVERSION = YES;
				CLANG_WARN_COMMA = YES;
				CLANG_WARN_CONSTANT_CONVERSION = YES;
				CLANG_WARN_DEPRECATED_OBJC_IMPLEMENTATIONS = YES;
				CLANG_WARN_DIRECT_OBJC_ISA_USAGE = YES_ERROR;
				CLANG_WARN_DOCUMENTATION_COMMENTS = YES;
				CLANG_WARN_EMPTY_BODY = YES;
				CLANG_WARN_ENUM_CONVERSION = YES;
				CLANG_WARN_INFINITE_RECURSION = YES;
				CLANG_WARN_INT_CONVERSION = YES;
				CLANG_WARN_NON_LITERAL_NULL_CONVERSION = YES;
				CLANG_WARN_OBJC_IMPLICIT_RETAIN_SELF = YES;
				CLANG_WARN_OBJC_LITERAL_CONVERSION = YES;
				CLANG_WARN_OBJC_ROOT_CLASS = YES_ERROR;
				CLANG_WARN_QUOTED_INCLUDE_IN_FRAMEWORK_HEADER = YES;
				CLANG_WARN_RANGE_LOOP_ANALYSIS = YES;
				CLANG_WARN_STRICT_PROTOTYPES = YES;
				CLANG_WARN_SUSPICIOUS_MOVE = YES;
				CLANG_WARN_UNGUARDED_AVAILABILITY = YES_AGGRESSIVE;
				CLANG_WARN_UNREACHABLE_CODE = YES;
				CLANG_WARN__DUPLICATE_METHOD_MATCH = YES;
				COPY_PHASE_STRIP = NO;
				DEBUG_INFORMATION_FORMAT = "dwarf-with-dsym";
				ENABLE_NS_ASSERTIONS = NO;
				ENABLE_STRICT_OBJC_MSGSEND = YES;
				ENABLE_USER_SCRIPT_SANDBOXING = NO;
				GCC_C_LANGUAGE_STANDARD = gnu17;
				GCC_NO_COMMON_BLOCKS = YES;
				GCC_WARN_64_TO_32_BIT_CONVERSION = YES;
				GCC_WARN_ABOUT_RETURN_TYPE = YES_ERROR;
				GCC_WARN_UNDECLARED_SELECTOR = YES;
				GCC_WARN_UNINITIALIZED_AUTOS = YES_AGGRESSIVE;
				GCC_WARN_UNUSED_FUNCTION = YES;
				GCC_WARN_UNUSED_VARIABLE = YES;
				IPHONEOS_DEPLOYMENT_TARGET = 17.4;
				LOCALIZATION_PREFERS_STRING_CATALOGS = YES;
				MTL_ENABLE_DEBUG_INFO = NO;
				MTL_FAST_MATH = YES;
				SDKROOT = iphoneos;
				SWIFT_COMPILATION_MODE = wholemodule;
				VALIDATE_PRODUCT = YES;
			};
			name = Release;
		};
		184FF6A02D0F14C800992594 /* Debug */ = {
			isa = XCBuildConfiguration;
			baseConfigurationReference = B728096328C8A97BDAE4B075 /* Pods-CatFactsApp.debug.xcconfig */;
			buildSettings = {
				ASSETCATALOG_COMPILER_APPICON_NAME = AppIcon;
				ASSETCATALOG_COMPILER_GLOBAL_ACCENT_COLOR_NAME = AccentColor;
				CODE_SIGN_STYLE = Automatic;
				CURRENT_PROJECT_VERSION = 1;
				DEVELOPMENT_TEAM = 2K25CR85W9;
				ENABLE_USER_SCRIPT_SANDBOXING = NO;
				GENERATE_INFOPLIST_FILE = YES;
				INFOPLIST_FILE = CatFactsApp/Info.plist;
				INFOPLIST_KEY_UIApplicationSupportsIndirectInputEvents = YES;
				INFOPLIST_KEY_UILaunchStoryboardName = LaunchScreen;
				INFOPLIST_KEY_UIMainStoryboardFile = Main;
				INFOPLIST_KEY_UISupportedInterfaceOrientations_iPad = "UIInterfaceOrientationPortrait UIInterfaceOrientationPortraitUpsideDown UIInterfaceOrientationLandscapeLeft UIInterfaceOrientationLandscapeRight";
				INFOPLIST_KEY_UISupportedInterfaceOrientations_iPhone = "UIInterfaceOrientationPortrait UIInterfaceOrientationLandscapeLeft UIInterfaceOrientationLandscapeRight";
				LD_RUNPATH_SEARCH_PATHS = (
					"$(inherited)",
					"@executable_path/Frameworks",
				);
				MARKETING_VERSION = 1.0;
				PRODUCT_BUNDLE_IDENTIFIER = com.DioneSoloria.CatFactsApp;
				PRODUCT_NAME = "$(TARGET_NAME)";
				SWIFT_EMIT_LOC_STRINGS = YES;
				SWIFT_VERSION = 5.0;
				TARGETED_DEVICE_FAMILY = "1,2";
			};
			name = Debug;
		};
		184FF6A12D0F14C800992594 /* Release */ = {
			isa = XCBuildConfiguration;
			baseConfigurationReference = D7F0E9E0F553B85CE3CCA6AD /* Pods-CatFactsApp.release.xcconfig */;
			buildSettings = {
				ASSETCATALOG_COMPILER_APPICON_NAME = AppIcon;
				ASSETCATALOG_COMPILER_GLOBAL_ACCENT_COLOR_NAME = AccentColor;
				CODE_SIGN_STYLE = Automatic;
				CURRENT_PROJECT_VERSION = 1;
				DEVELOPMENT_TEAM = 2K25CR85W9;
				ENABLE_USER_SCRIPT_SANDBOXING = NO;
				GENERATE_INFOPLIST_FILE = YES;
				INFOPLIST_FILE = CatFactsApp/Info.plist;
				INFOPLIST_KEY_UIApplicationSupportsIndirectInputEvents = YES;
				INFOPLIST_KEY_UILaunchStoryboardName = LaunchScreen;
				INFOPLIST_KEY_UIMainStoryboardFile = Main;
				INFOPLIST_KEY_UISupportedInterfaceOrientations_iPad = "UIInterfaceOrientationPortrait UIInterfaceOrientationPortraitUpsideDown UIInterfaceOrientationLandscapeLeft UIInterfaceOrientationLandscapeRight";
				INFOPLIST_KEY_UISupportedInterfaceOrientations_iPhone = "UIInterfaceOrientationPortrait UIInterfaceOrientationLandscapeLeft UIInterfaceOrientationLandscapeRight";
				LD_RUNPATH_SEARCH_PATHS = (
					"$(inherited)",
					"@executable_path/Frameworks",
				);
				MARKETING_VERSION = 1.0;
				PRODUCT_BUNDLE_IDENTIFIER = com.DioneSoloria.CatFactsApp;
				PRODUCT_NAME = "$(TARGET_NAME)";
				SWIFT_EMIT_LOC_STRINGS = YES;
				SWIFT_VERSION = 5.0;
				TARGETED_DEVICE_FAMILY = "1,2";
			};
			name = Release;
		};
		184FF6A32D0F14C800992594 /* Debug */ = {
			isa = XCBuildConfiguration;
			baseConfigurationReference = 48720A983F5E635A96925157 /* Pods-CatFactsAppTests.debug.xcconfig */;
			buildSettings = {
				ALWAYS_EMBED_SWIFT_STANDARD_LIBRARIES = YES;
				BUNDLE_LOADER = "$(TEST_HOST)";
				CODE_SIGN_STYLE = Automatic;
				CURRENT_PROJECT_VERSION = 1;
				DEVELOPMENT_TEAM = 2K25CR85W9;
				GENERATE_INFOPLIST_FILE = YES;
				IPHONEOS_DEPLOYMENT_TARGET = 17.4;
				MARKETING_VERSION = 1.0;
				PRODUCT_BUNDLE_IDENTIFIER = com.DioneSoloria.CatFactsAppTests;
				PRODUCT_NAME = "$(TARGET_NAME)";
				SWIFT_EMIT_LOC_STRINGS = NO;
				SWIFT_VERSION = 5.0;
				TARGETED_DEVICE_FAMILY = "1,2";
				TEST_HOST = "$(BUILT_PRODUCTS_DIR)/CatFactsApp.app/$(BUNDLE_EXECUTABLE_FOLDER_PATH)/CatFactsApp";
			};
			name = Debug;
		};
		184FF6A42D0F14C800992594 /* Release */ = {
			isa = XCBuildConfiguration;
			baseConfigurationReference = BACDBB9A9302D363C4E03EDD /* Pods-CatFactsAppTests.release.xcconfig */;
			buildSettings = {
				ALWAYS_EMBED_SWIFT_STANDARD_LIBRARIES = YES;
				BUNDLE_LOADER = "$(TEST_HOST)";
				CODE_SIGN_STYLE = Automatic;
				CURRENT_PROJECT_VERSION = 1;
				DEVELOPMENT_TEAM = 2K25CR85W9;
				GENERATE_INFOPLIST_FILE = YES;
				IPHONEOS_DEPLOYMENT_TARGET = 17.4;
				MARKETING_VERSION = 1.0;
				PRODUCT_BUNDLE_IDENTIFIER = com.DioneSoloria.CatFactsAppTests;
				PRODUCT_NAME = "$(TARGET_NAME)";
				SWIFT_EMIT_LOC_STRINGS = NO;
				SWIFT_VERSION = 5.0;
				TARGETED_DEVICE_FAMILY = "1,2";
				TEST_HOST = "$(BUILT_PRODUCTS_DIR)/CatFactsApp.app/$(BUNDLE_EXECUTABLE_FOLDER_PATH)/CatFactsApp";
			};
			name = Release;
		};
		184FF6A62D0F14C800992594 /* Debug */ = {
			isa = XCBuildConfiguration;
			baseConfigurationReference = F44C03D3D30E8A7C82534B2E /* Pods-CatFactsApp-CatFactsAppUITests.debug.xcconfig */;
			buildSettings = {
				ALWAYS_EMBED_SWIFT_STANDARD_LIBRARIES = YES;
				CODE_SIGN_STYLE = Automatic;
				CURRENT_PROJECT_VERSION = 1;
				DEVELOPMENT_TEAM = 2K25CR85W9;
				GENERATE_INFOPLIST_FILE = YES;
				MARKETING_VERSION = 1.0;
				PRODUCT_BUNDLE_IDENTIFIER = com.DioneSoloria.CatFactsAppUITests;
				PRODUCT_NAME = "$(TARGET_NAME)";
				SWIFT_EMIT_LOC_STRINGS = NO;
				SWIFT_VERSION = 5.0;
				TARGETED_DEVICE_FAMILY = "1,2";
				TEST_TARGET_NAME = CatFactsApp;
			};
			name = Debug;
		};
		184FF6A72D0F14C800992594 /* Release */ = {
			isa = XCBuildConfiguration;
			baseConfigurationReference = 33DB57590EBE6F1C38795BE3 /* Pods-CatFactsApp-CatFactsAppUITests.release.xcconfig */;
			buildSettings = {
				ALWAYS_EMBED_SWIFT_STANDARD_LIBRARIES = YES;
				CODE_SIGN_STYLE = Automatic;
				CURRENT_PROJECT_VERSION = 1;
				DEVELOPMENT_TEAM = 2K25CR85W9;
				GENERATE_INFOPLIST_FILE = YES;
				MARKETING_VERSION = 1.0;
				PRODUCT_BUNDLE_IDENTIFIER = com.DioneSoloria.CatFactsAppUITests;
				PRODUCT_NAME = "$(TARGET_NAME)";
				SWIFT_EMIT_LOC_STRINGS = NO;
				SWIFT_VERSION = 5.0;
				TARGETED_DEVICE_FAMILY = "1,2";
				TEST_TARGET_NAME = CatFactsApp;
			};
			name = Release;
		};
/* End XCBuildConfiguration section */

/* Begin XCConfigurationList section */
		184FF6702D0F14C400992594 /* Build configuration list for PBXProject "CatFactsApp" */ = {
			isa = XCConfigurationList;
			buildConfigurations = (
				184FF69D2D0F14C800992594 /* Debug */,
				184FF69E2D0F14C800992594 /* Release */,
			);
			defaultConfigurationIsVisible = 0;
			defaultConfigurationName = Release;
		};
		184FF69F2D0F14C800992594 /* Build configuration list for PBXNativeTarget "CatFactsApp" */ = {
			isa = XCConfigurationList;
			buildConfigurations = (
				184FF6A02D0F14C800992594 /* Debug */,
				184FF6A12D0F14C800992594 /* Release */,
			);
			defaultConfigurationIsVisible = 0;
			defaultConfigurationName = Release;
		};
		184FF6A22D0F14C800992594 /* Build configuration list for PBXNativeTarget "CatFactsAppTests" */ = {
			isa = XCConfigurationList;
			buildConfigurations = (
				184FF6A32D0F14C800992594 /* Debug */,
				184FF6A42D0F14C800992594 /* Release */,
			);
			defaultConfigurationIsVisible = 0;
			defaultConfigurationName = Release;
		};
		184FF6A52D0F14C800992594 /* Build configuration list for PBXNativeTarget "CatFactsAppUITests" */ = {
			isa = XCConfigurationList;
			buildConfigurations = (
				184FF6A62D0F14C800992594 /* Debug */,
				184FF6A72D0F14C800992594 /* Release */,
			);
			defaultConfigurationIsVisible = 0;
			defaultConfigurationName = Release;
		};
/* End XCConfigurationList section */

/* Begin XCRemoteSwiftPackageReference section */
		184FF6AD2D0F173400992594 /* XCRemoteSwiftPackageReference "Alamofire" */ = {
			isa = XCRemoteSwiftPackageReference;
			repositoryURL = "https://github.com/Alamofire/Alamofire";
			requirement = {
				kind = upToNextMajorVersion;
				minimumVersion = 5.10.2;
			};
		};
		184FF6AE2D0F179000992594 /* XCRemoteSwiftPackageReference "Kingfisher" */ = {
			isa = XCRemoteSwiftPackageReference;
			repositoryURL = "https://github.com/onevcat/Kingfisher";
			requirement = {
				kind = upToNextMajorVersion;
				minimumVersion = 8.1.2;
			};
		};
/* End XCRemoteSwiftPackageReference section */
	};
	rootObject = 184FF66D2D0F14C400992594 /* Project object */;
}
